
Microsoft Visual Studio Solution File, Format Version 12.00
# Visual Studio 2012
Project("{FAE04EC0-301F-11D3-BF4B-00C04F79EFBC}") = "iTrellis_ToDo", "iTrellis_ToDo\iTrellis_ToDo.csproj", "{48D0450B-690D-45F3-ACAC-86FD64215611}"
EndProject
Project("{FAE04EC0-301F-11D3-BF4B-00C04F79EFBC}") = "iTrellis_ToDo.Tests", "iTrellis_ToDo.Tests\iTrellis_ToDo.Tests.csproj", "{D1F2D906-87D5-47AA-A957-E779B5301350}"
EndProject
Project("{FAE04EC0-301F-11D3-BF4B-00C04F79EFBC}") = "iTrellis_ToDo.Core", "iTrellis_ToDo.Core\iTrellis_ToDo.Core.csproj", "{6C59D166-1065-4F68-9D8D-873ED0565FA9}"
EndProject
Project("{FAE04EC0-301F-11D3-BF4B-00C04F79EFBC}") = "iTrellis_ToDo.Infrastructure", "iTrellis_ToDo.Infrastructure\iTrellis_ToDo.Infrastructure.csproj", "{0EB7F9B3-F3D4-4404-B085-0EA697C4E7F0}"
EndProject
Global
	GlobalSection(SolutionConfigurationPlatforms) = preSolution
		Debug|Any CPU = Debug|Any CPU
		Release|Any CPU = Release|Any CPU
	EndGlobalSection
	GlobalSection(ProjectConfigurationPlatforms) = postSolution
		{48D0450B-690D-45F3-ACAC-86FD64215611}.Debug|Any CPU.ActiveCfg = Debug|Any CPU
		{48D0450B-690D-45F3-ACAC-86FD64215611}.Debug|Any CPU.Build.0 = Debug|Any CPU
		{48D0450B-690D-45F3-ACAC-86FD64215611}.Release|Any CPU.ActiveCfg = Release|Any CPU
		{48D0450B-690D-45F3-ACAC-86FD64215611}.Release|Any CPU.Build.0 = Release|Any CPU
		{D1F2D906-87D5-47AA-A957-E779B5301350}.Debug|Any CPU.ActiveCfg = Debug|Any CPU
		{D1F2D906-87D5-47AA-A957-E779B5301350}.Debug|Any CPU.Build.0 = Debug|Any CPU
		{D1F2D906-87D5-47AA-A957-E779B5301350}.Release|Any CPU.ActiveCfg = Release|Any CPU
		{D1F2D906-87D5-47AA-A957-E779B5301350}.Release|Any CPU.Build.0 = Release|Any CPU
		{6C59D166-1065-4F68-9D8D-873ED0565FA9}.Debug|Any CPU.ActiveCfg = Debug|Any CPU
		{6C59D166-1065-4F68-9D8D-873ED0565FA9}.Debug|Any CPU.Build.0 = Debug|Any CPU
		{6C59D166-1065-4F68-9D8D-873ED0565FA9}.Release|Any CPU.ActiveCfg = Release|Any CPU
		{6C59D166-1065-4F68-9D8D-873ED0565FA9}.Release|Any CPU.Build.0 = Release|Any CPU
		{0EB7F9B3-F3D4-4404-B085-0EA697C4E7F0}.Debug|Any CPU.ActiveCfg = Debug|Any CPU
		{0EB7F9B3-F3D4-4404-B085-0EA697C4E7F0}.Debug|Any CPU.Build.0 = Debug|Any CPU
		{0EB7F9B3-F3D4-4404-B085-0EA697C4E7F0}.Release|Any CPU.ActiveCfg = Release|Any CPU
		{0EB7F9B3-F3D4-4404-B085-0EA697C4E7F0}.Release|Any CPU.Build.0 = Release|Any CPU
	EndGlobalSection
	GlobalSection(SolutionProperties) = preSolution
		HideSolutionNode = FALSE
	EndGlobalSection
EndGlobal
